
Microsoft Visual Studio Solution File, Format Version 12.00
# Visual Studio 2012
Project("{FAE04EC0-301F-11D3-BF4B-00C04F79EFBC}") = "XamForms.EnhancedControls", "XamForms.EnhancedControls\XamForms.EnhancedControls.csproj", "{F14C889E-0761-4258-AA95-D5347D4395B8}"
EndProject
Project("{FAE04EC0-301F-11D3-BF4B-00C04F79EFBC}") = "XamForms.EnhancedControls.iOS", "iOS\XamForms.EnhancedControls.iOS.csproj", "{DD0F0CCD-F7D8-43B0-B9C5-A1AC89685B31}"
EndProject
Project("{FAE04EC0-301F-11D3-BF4B-00C04F79EFBC}") = "XamForms.EnhancedControls.Droid", "Droid\XamForms.EnhancedControls.Droid.csproj", "{9904FB3A-456A-4AD9-8571-E4D3C96DC572}"
EndProject
Project("{2150E333-8FDC-42A3-9474-1A3956D46DE8}") = "samples", "samples", "{4684C5BE-DDA3-4163-BDE5-FDAE4F63A69F}"
EndProject
Project("{FAE04EC0-301F-11D3-BF4B-00C04F79EFBC}") = "Sample", "samples\Sample\Sample.csproj", "{61093C12-044F-4921-B95E-1ABD1702493E}"
EndProject
Project("{FAE04EC0-301F-11D3-BF4B-00C04F79EFBC}") = "Sample.iOS", "samples\iOS\Sample.iOS.csproj", "{5A772A06-1BE2-4E38-930D-4B1D2472C85B}"
EndProject
Project("{FAE04EC0-301F-11D3-BF4B-00C04F79EFBC}") = "Sample.Droid", "samples\Droid\Sample.Droid.csproj", "{F35F1D93-1ACD-47C9-931C-E00AEE942173}"
EndProject
Global
	GlobalSection(SolutionConfigurationPlatforms) = preSolution
		Debug|Any CPU = Debug|Any CPU
		Release|Any CPU = Release|Any CPU
		Debug|iPhoneSimulator = Debug|iPhoneSimulator
		Release|iPhone = Release|iPhone
		Release|iPhoneSimulator = Release|iPhoneSimulator
		Debug|iPhone = Debug|iPhone
	EndGlobalSection
	GlobalSection(ProjectConfigurationPlatforms) = postSolution
		{F14C889E-0761-4258-AA95-D5347D4395B8}.Debug|Any CPU.ActiveCfg = Debug|Any CPU
		{F14C889E-0761-4258-AA95-D5347D4395B8}.Debug|Any CPU.Build.0 = Debug|Any CPU
		{F14C889E-0761-4258-AA95-D5347D4395B8}.Release|Any CPU.ActiveCfg = Release|Any CPU
		{F14C889E-0761-4258-AA95-D5347D4395B8}.Release|Any CPU.Build.0 = Release|Any CPU
		{F14C889E-0761-4258-AA95-D5347D4395B8}.Debug|iPhoneSimulator.ActiveCfg = Debug|Any CPU
		{F14C889E-0761-4258-AA95-D5347D4395B8}.Debug|iPhoneSimulator.Build.0 = Debug|Any CPU
		{F14C889E-0761-4258-AA95-D5347D4395B8}.Release|iPhone.ActiveCfg = Release|Any CPU
		{F14C889E-0761-4258-AA95-D5347D4395B8}.Release|iPhone.Build.0 = Release|Any CPU
		{F14C889E-0761-4258-AA95-D5347D4395B8}.Release|iPhoneSimulator.ActiveCfg = Release|Any CPU
		{F14C889E-0761-4258-AA95-D5347D4395B8}.Release|iPhoneSimulator.Build.0 = Release|Any CPU
		{F14C889E-0761-4258-AA95-D5347D4395B8}.Debug|iPhone.ActiveCfg = Debug|Any CPU
		{F14C889E-0761-4258-AA95-D5347D4395B8}.Debug|iPhone.Build.0 = Debug|Any CPU
		{DD0F0CCD-F7D8-43B0-B9C5-A1AC89685B31}.Debug|Any CPU.ActiveCfg = Debug|iPhoneSimulator
		{DD0F0CCD-F7D8-43B0-B9C5-A1AC89685B31}.Debug|Any CPU.Build.0 = Debug|iPhoneSimulator
		{DD0F0CCD-F7D8-43B0-B9C5-A1AC89685B31}.Release|Any CPU.ActiveCfg = Release|iPhone
		{DD0F0CCD-F7D8-43B0-B9C5-A1AC89685B31}.Release|Any CPU.Build.0 = Release|iPhone
		{DD0F0CCD-F7D8-43B0-B9C5-A1AC89685B31}.Debug|iPhoneSimulator.ActiveCfg = Debug|iPhoneSimulator
		{DD0F0CCD-F7D8-43B0-B9C5-A1AC89685B31}.Debug|iPhoneSimulator.Build.0 = Debug|iPhoneSimulator
		{DD0F0CCD-F7D8-43B0-B9C5-A1AC89685B31}.Release|iPhone.ActiveCfg = Release|iPhone
		{DD0F0CCD-F7D8-43B0-B9C5-A1AC89685B31}.Release|iPhone.Build.0 = Release|iPhone
		{DD0F0CCD-F7D8-43B0-B9C5-A1AC89685B31}.Release|iPhoneSimulator.ActiveCfg = Release|iPhoneSimulator
		{DD0F0CCD-F7D8-43B0-B9C5-A1AC89685B31}.Release|iPhoneSimulator.Build.0 = Release|iPhoneSimulator
		{DD0F0CCD-F7D8-43B0-B9C5-A1AC89685B31}.Debug|iPhone.ActiveCfg = Debug|iPhone
		{DD0F0CCD-F7D8-43B0-B9C5-A1AC89685B31}.Debug|iPhone.Build.0 = Debug|iPhone
		{9904FB3A-456A-4AD9-8571-E4D3C96DC572}.Debug|Any CPU.ActiveCfg = Debug|Any CPU
		{9904FB3A-456A-4AD9-8571-E4D3C96DC572}.Debug|Any CPU.Build.0 = Debug|Any CPU
		{9904FB3A-456A-4AD9-8571-E4D3C96DC572}.Release|Any CPU.ActiveCfg = Release|Any CPU
		{9904FB3A-456A-4AD9-8571-E4D3C96DC572}.Release|Any CPU.Build.0 = Release|Any CPU
		{9904FB3A-456A-4AD9-8571-E4D3C96DC572}.Debug|iPhoneSimulator.ActiveCfg = Debug|Any CPU
		{9904FB3A-456A-4AD9-8571-E4D3C96DC572}.Debug|iPhoneSimulator.Build.0 = Debug|Any CPU
		{9904FB3A-456A-4AD9-8571-E4D3C96DC572}.Release|iPhone.ActiveCfg = Release|Any CPU
		{9904FB3A-456A-4AD9-8571-E4D3C96DC572}.Release|iPhone.Build.0 = Release|Any CPU
		{9904FB3A-456A-4AD9-8571-E4D3C96DC572}.Release|iPhoneSimulator.ActiveCfg = Release|Any CPU
		{9904FB3A-456A-4AD9-8571-E4D3C96DC572}.Release|iPhoneSimulator.Build.0 = Release|Any CPU
		{9904FB3A-456A-4AD9-8571-E4D3C96DC572}.Debug|iPhone.ActiveCfg = Debug|Any CPU
		{9904FB3A-456A-4AD9-8571-E4D3C96DC572}.Debug|iPhone.Build.0 = Debug|Any CPU
		{61093C12-044F-4921-B95E-1ABD1702493E}.Debug|Any CPU.ActiveCfg = Debug|Any CPU
		{61093C12-044F-4921-B95E-1ABD1702493E}.Debug|Any CPU.Build.0 = Debug|Any CPU
		{61093C12-044F-4921-B95E-1ABD1702493E}.Release|Any CPU.ActiveCfg = Release|Any CPU
		{61093C12-044F-4921-B95E-1ABD1702493E}.Release|Any CPU.Build.0 = Release|Any CPU
		{61093C12-044F-4921-B95E-1ABD1702493E}.Debug|iPhoneSimulator.ActiveCfg = Debug|Any CPU
		{61093C12-044F-4921-B95E-1ABD1702493E}.Debug|iPhoneSimulator.Build.0 = Debug|Any CPU
		{61093C12-044F-4921-B95E-1ABD1702493E}.Release|iPhone.ActiveCfg = Release|Any CPU
		{61093C12-044F-4921-B95E-1ABD1702493E}.Release|iPhone.Build.0 = Release|Any CPU
		{61093C12-044F-4921-B95E-1ABD1702493E}.Release|iPhoneSimulator.ActiveCfg = Release|Any CPU
		{61093C12-044F-4921-B95E-1ABD1702493E}.Release|iPhoneSimulator.Build.0 = Release|Any CPU
		{61093C12-044F-4921-B95E-1ABD1702493E}.Debug|iPhone.ActiveCfg = Debug|Any CPU
		{61093C12-044F-4921-B95E-1ABD1702493E}.Debug|iPhone.Build.0 = Debug|Any CPU
		{5A772A06-1BE2-4E38-930D-4B1D2472C85B}.Debug|Any CPU.ActiveCfg = Debug|iPhoneSimulator
		{5A772A06-1BE2-4E38-930D-4B1D2472C85B}.Debug|Any CPU.Build.0 = Debug|iPhoneSimulator
		{5A772A06-1BE2-4E38-930D-4B1D2472C85B}.Release|Any CPU.ActiveCfg = Release|iPhone
		{5A772A06-1BE2-4E38-930D-4B1D2472C85B}.Release|Any CPU.Build.0 = Release|iPhone
		{5A772A06-1BE2-4E38-930D-4B1D2472C85B}.Debug|iPhoneSimulator.ActiveCfg = Debug|iPhoneSimulator
		{5A772A06-1BE2-4E38-930D-4B1D2472C85B}.Debug|iPhoneSimulator.Build.0 = Debug|iPhoneSimulator
		{5A772A06-1BE2-4E38-930D-4B1D2472C85B}.Release|iPhone.ActiveCfg = Release|iPhone
		{5A772A06-1BE2-4E38-930D-4B1D2472C85B}.Release|iPhone.Build.0 = Release|iPhone
		{5A772A06-1BE2-4E38-930D-4B1D2472C85B}.Release|iPhoneSimulator.ActiveCfg = Release|iPhoneSimulator
		{5A772A06-1BE2-4E38-930D-4B1D2472C85B}.Release|iPhoneSimulator.Build.0 = Release|iPhoneSimulator
		{5A772A06-1BE2-4E38-930D-4B1D2472C85B}.Debug|iPhone.ActiveCfg = Debug|iPhone
		{5A772A06-1BE2-4E38-930D-4B1D2472C85B}.Debug|iPhone.Build.0 = Debug|iPhone
		{F35F1D93-1ACD-47C9-931C-E00AEE942173}.Debug|Any CPU.ActiveCfg = Debug|Any CPU
		{F35F1D93-1ACD-47C9-931C-E00AEE942173}.Debug|Any CPU.Build.0 = Debug|Any CPU
		{F35F1D93-1ACD-47C9-931C-E00AEE942173}.Release|Any CPU.ActiveCfg = Release|Any CPU
		{F35F1D93-1ACD-47C9-931C-E00AEE942173}.Release|Any CPU.Build.0 = Release|Any CPU
		{F35F1D93-1ACD-47C9-931C-E00AEE942173}.Debug|iPhoneSimulator.ActiveCfg = Debug|Any CPU
		{F35F1D93-1ACD-47C9-931C-E00AEE942173}.Debug|iPhoneSimulator.Build.0 = Debug|Any CPU
		{F35F1D93-1ACD-47C9-931C-E00AEE942173}.Release|iPhone.ActiveCfg = Release|Any CPU
		{F35F1D93-1ACD-47C9-931C-E00AEE942173}.Release|iPhone.Build.0 = Release|Any CPU
		{F35F1D93-1ACD-47C9-931C-E00AEE942173}.Release|iPhoneSimulator.ActiveCfg = Release|Any CPU
		{F35F1D93-1ACD-47C9-931C-E00AEE942173}.Release|iPhoneSimulator.Build.0 = Release|Any CPU
		{F35F1D93-1ACD-47C9-931C-E00AEE942173}.Debug|iPhone.ActiveCfg = Debug|Any CPU
		{F35F1D93-1ACD-47C9-931C-E00AEE942173}.Debug|iPhone.Build.0 = Debug|Any CPU
	EndGlobalSection
	GlobalSection(NestedProjects) = preSolution
		{61093C12-044F-4921-B95E-1ABD1702493E} = {4684C5BE-DDA3-4163-BDE5-FDAE4F63A69F}
		{5A772A06-1BE2-4E38-930D-4B1D2472C85B} = {4684C5BE-DDA3-4163-BDE5-FDAE4F63A69F}
		{F35F1D93-1ACD-47C9-931C-E00AEE942173} = {4684C5BE-DDA3-4163-BDE5-FDAE4F63A69F}
	EndGlobalSection
EndGlobal
