
Microsoft Visual Studio Solution File, Format Version 12.00
# Visual Studio 2017
Project("{FAE04EC0-301F-11D3-BF4B-00C04F79EFBC}") = "Xamforms.Enhanced.Sample", "Xamforms.Enhanced.Sample.csproj", "{13430A99-FC8B-47DD-A477-C31845EFA993}"
EndProject
Global
	GlobalSection(SolutionConfigurationPlatforms) = preSolution
		Debug|Any CPU = Debug|Any CPU
		Release|Any CPU = Release|Any CPU
	EndGlobalSection
	GlobalSection(ProjectConfigurationPlatforms) = postSolution
		{13430A99-FC8B-47DD-A477-C31845EFA993}.Debug|Any CPU.ActiveCfg = Debug|Any CPU
		{13430A99-FC8B-47DD-A477-C31845EFA993}.Debug|Any CPU.Build.0 = Debug|Any CPU
		{13430A99-FC8B-47DD-A477-C31845EFA993}.Release|Any CPU.ActiveCfg = Release|Any CPU
		{13430A99-FC8B-47DD-A477-C31845EFA993}.Release|Any CPU.Build.0 = Release|Any CPU
	EndGlobalSection
EndGlobal
